
Microsoft Visual Studio Solution File, Format Version 12.00
# Visual Studio 15
VisualStudioVersion = 15.0.28307.136
MinimumVisualStudioVersion = 10.0.40219.1
Project("{9A19103F-16F7-4668-BE54-9A1E7A4F7556}") = "PROJ20_G20_DOTNET", "PROJ20_G20_DOTNET\PROJ20_G20_DOTNET.csproj", "{1C4ED55E-7542-454E-A5A2-03C9EE28716E}"
EndProject
Project("{9A19103F-16F7-4668-BE54-9A1E7A4F7556}") = "PROJ20_G20_DOTNET.Tests", "PROJ20_G20_DOTNET.Tests\PROJ20_G20_DOTNET.Tests.csproj", "{82916272-60E3-4DF4-839D-5CFB1A55AE53}"
EndProject
Global
	GlobalSection(SolutionConfigurationPlatforms) = preSolution
		Debug|Any CPU = Debug|Any CPU
		Release|Any CPU = Release|Any CPU
	EndGlobalSection
	GlobalSection(ProjectConfigurationPlatforms) = postSolution
		{1C4ED55E-7542-454E-A5A2-03C9EE28716E}.Debug|Any CPU.ActiveCfg = Debug|Any CPU
		{1C4ED55E-7542-454E-A5A2-03C9EE28716E}.Debug|Any CPU.Build.0 = Debug|Any CPU
		{1C4ED55E-7542-454E-A5A2-03C9EE28716E}.Release|Any CPU.ActiveCfg = Release|Any CPU
		{1C4ED55E-7542-454E-A5A2-03C9EE28716E}.Release|Any CPU.Build.0 = Release|Any CPU
		{82916272-60E3-4DF4-839D-5CFB1A55AE53}.Debug|Any CPU.ActiveCfg = Debug|Any CPU
		{82916272-60E3-4DF4-839D-5CFB1A55AE53}.Debug|Any CPU.Build.0 = Debug|Any CPU
		{82916272-60E3-4DF4-839D-5CFB1A55AE53}.Release|Any CPU.ActiveCfg = Release|Any CPU
		{82916272-60E3-4DF4-839D-5CFB1A55AE53}.Release|Any CPU.Build.0 = Release|Any CPU
	EndGlobalSection
	GlobalSection(SolutionProperties) = preSolution
		HideSolutionNode = FALSE
	EndGlobalSection
	GlobalSection(ExtensibilityGlobals) = postSolution
		SolutionGuid = {59CB0DB1-8FA4-45E0-9946-4E089FF32A6E}
	EndGlobalSection
EndGlobal
